{
  "nodes": {
    "dotfiles": {
      "flake": false,
      "locked": {
        "lastModified": 1768892537,
        "narHash": "sha256-B87OBD9EM/S9+50uqJtlX5FFydkQGgb00XTSbK7BsTM=",
        "owner": "jamylak",
        "repo": "dotfiles",
        "rev": "847a1a87db0799f393ab541d8dab6ff9a90df4a1",
        "type": "github"
      },
      "original": {
        "owner": "jamylak",
        "repo": "dotfiles",
        "type": "github"
      }
    },
    "fzf-fish": {
      "flake": false,
      "locked": {
        "lastModified": 1712464035,
        "narHash": "sha256-T8KYLA/r/gOKvAivKRoeqIwE2pINlxFQtZJHpOy9GMM=",
        "owner": "PatrickF1",
        "repo": "fzf.fish",
        "rev": "8920367cf85eee5218cc25a11e209d46e2591e7a",
        "type": "github"
      },
      "original": {
        "owner": "PatrickF1",
        "repo": "fzf.fish",
        "type": "github"
      }
    },
    "home-manager": {
      "inputs": {
        "nixpkgs": [
          "nixpkgs"
        ]
      },
      "locked": {
        "lastModified": 1768893778,
        "narHash": "sha256-iSHEptqSun9Ryl1NgoKguJAjRHAFO3k9bQ9bB+UpCNA=",
        "owner": "nix-community",
        "repo": "home-manager",
        "rev": "895eddbee851630201154725c22e94ecd8232dbf",
        "type": "github"
      },
      "original": {
        "owner": "nix-community",
        "repo": "home-manager",
        "type": "github"
      }
    },
    "nixpkgs": {
      "locked": {
        "lastModified": 1768564909,
        "narHash": "sha256-Kell/SpJYVkHWMvnhqJz/8DqQg2b6PguxVWOuadbHCc=",
        "owner": "NixOS",
        "repo": "nixpkgs",
        "rev": "e4bae1bd10c9c57b2cf517953ab70060a828ee6f",
        "type": "github"
      },
      "original": {
        "owner": "NixOS",
        "ref": "nixos-unstable",
        "repo": "nixpkgs",
        "type": "github"
      }
    },
    "nvimconf": {
      "flake": false,
      "locked": {
        "lastModified": 1768719646,
        "narHash": "sha256-VhCCKpe/0afe0becWOboxWz2NapV/qRItF6lUSumXbQ=",
        "owner": "jamylak",
        "repo": "nvimconf",
        "rev": "7db51531185d3d86242f0b97abada194e7cc9555",
        "type": "github"
      },
      "original": {
        "owner": "jamylak",
        "repo": "nvimconf",
        "type": "github"
      }
    },
    "root": {
      "inputs": {
        "dotfiles": "dotfiles",
        "fzf-fish": "fzf-fish",
        "home-manager": "home-manager",
        "nixpkgs": "nixpkgs",
        "nvimconf": "nvimconf"
      }
    }
  },
  "root": "root",
  "version": 7
}
