{
  "nodes": {
    "dotfiles": {
      "flake": false,
      "locked": {
        "lastModified": 1768862154,
        "narHash": "sha256-Qe9RA662b6HvF9G0vT5FYNqHzV77vNm0CDJKSscolzQ=",
        "owner": "jamylak",
        "repo": "dotfiles",
        "rev": "32ed7ba65e7ccf33973c29824ccc3abdad0bc259",
        "type": "github"
      },
      "original": {
        "owner": "jamylak",
        "repo": "dotfiles",
        "type": "github"
      }
    },
    "fzf-fish": {
      "flake": false,
      "locked": {
        "lastModified": 1712464035,
        "narHash": "sha256-T8KYLA/r/gOKvAivKRoeqIwE2pINlxFQtZJHpOy9GMM=",
        "owner": "PatrickF1",
        "repo": "fzf.fish",
        "rev": "8920367cf85eee5218cc25a11e209d46e2591e7a",
        "type": "github"
      },
      "original": {
        "owner": "PatrickF1",
        "repo": "fzf.fish",
        "type": "github"
      }
    },
    "home-manager": {
      "inputs": {
        "nixpkgs": [
          "nixpkgs"
        ]
      },
      "locked": {
        "lastModified": 1768836546,
        "narHash": "sha256-nJZkTamcXXMW+SMYiGFB6lB8l0aJw0xjssfN8xYd/Fs=",
        "owner": "nix-community",
        "repo": "home-manager",
        "rev": "b56c5ad14fcf8b5bc887463552483bf000ca562a",
        "type": "github"
      },
      "original": {
        "owner": "nix-community",
        "repo": "home-manager",
        "type": "github"
      }
    },
    "nixpkgs": {
      "locked": {
        "lastModified": 1768564909,
        "narHash": "sha256-Kell/SpJYVkHWMvnhqJz/8DqQg2b6PguxVWOuadbHCc=",
        "owner": "NixOS",
        "repo": "nixpkgs",
        "rev": "e4bae1bd10c9c57b2cf517953ab70060a828ee6f",
        "type": "github"
      },
      "original": {
        "owner": "NixOS",
        "ref": "nixos-unstable",
        "repo": "nixpkgs",
        "type": "github"
      }
    },
    "nvimconf": {
      "flake": false,
      "locked": {
        "lastModified": 1768719646,
        "narHash": "sha256-VhCCKpe/0afe0becWOboxWz2NapV/qRItF6lUSumXbQ=",
        "owner": "jamylak",
        "repo": "nvimconf",
        "rev": "7db51531185d3d86242f0b97abada194e7cc9555",
        "type": "github"
      },
      "original": {
        "owner": "jamylak",
        "repo": "nvimconf",
        "type": "github"
      }
    },
    "root": {
      "inputs": {
        "dotfiles": "dotfiles",
        "fzf-fish": "fzf-fish",
        "home-manager": "home-manager",
        "nixpkgs": "nixpkgs",
        "nvimconf": "nvimconf"
      }
    }
  },
  "root": "root",
  "version": 7
}
